dependencies:
- name: alfresco-common
  repository: https://alfresco.github.io/alfresco-helm-charts/
  version: 3.1.1
- name: postgresql
  repository: oci://registry-1.docker.io/bitnamicharts
  version: 12.8.5
- name: postgresql
  repository: oci://registry-1.docker.io/bitnamicharts
  version: 12.8.5
- name: alfresco-adf-app
  repository: https://alfresco.github.io/alfresco-helm-charts/
  version: 0.1.0-alpha.0
- name: alfresco-adf-app
  repository: https://alfresco.github.io/alfresco-helm-charts/
  version: 0.1.0-alpha.0
- name: alfresco-repository
  repository: https://alfresco.github.io/alfresco-helm-charts/
  version: 0.3.1
- name: activemq
  repository: https://alfresco.github.io/alfresco-helm-charts/
  version: 3.5.2
- name: alfresco-transform-service
  repository: https://alfresco.github.io/alfresco-helm-charts/
  version: 1.1.1
- name: alfresco-search-service
  repository: https://alfresco.github.io/alfresco-helm-charts/
  version: 3.2.0
- name: alfresco-sync-service
  repository: https://alfresco.github.io/alfresco-helm-charts/
  version: 5.2.1
- name: alfresco-search-enterprise
  repository: https://alfresco.github.io/alfresco-helm-charts/
  version: 3.2.3
- name: alfresco-connector-msteams
  repository: https://alfresco.github.io/alfresco-helm-charts/
  version: 0.4.1
- name: alfresco-share
  repository: https://alfresco.github.io/alfresco-helm-charts/
  version: 0.5.1
- name: alfresco-connector-ms365
  repository: https://alfresco.github.io/alfresco-helm-charts/
  version: 0.6.1
- name: alfresco-ai-transformer
  repository: https://alfresco.github.io/alfresco-helm-charts/
  version: 1.1.1
- name: elasticsearch
  repository: https://helm.elastic.co
  version: 7.17.3
digest: sha256:cc80aec12da84f78bb0c0581a4918c0fbe732429f4996f409180519d23c1772a
generated: "2024-02-26T17:34:51.380468+01:00"
