dependencies:
- name: alfresco-common
  repository: https://alfresco.github.io/alfresco-helm-charts/
  version: 3.1.1
- name: postgresql
  repository: oci://registry-1.docker.io/bitnamicharts
  version: 12.8.5
- name: postgresql
  repository: oci://registry-1.docker.io/bitnamicharts
  version: 12.8.5
- name: common
  repository: https://activiti.github.io/activiti-cloud-helm-charts
  version: 8.2.0
- name: common
  repository: https://activiti.github.io/activiti-cloud-helm-charts
  version: 8.2.0
- name: alfresco-repository
  repository: https://alfresco.github.io/alfresco-helm-charts/
  version: 0.3.1
- name: activemq
  repository: https://alfresco.github.io/alfresco-helm-charts/
  version: 3.5.2
- name: alfresco-transform-service
  repository: https://alfresco.github.io/alfresco-helm-charts/
  version: 1.1.1
- name: alfresco-search-service
  repository: https://alfresco.github.io/alfresco-helm-charts/
  version: 3.2.0
- name: alfresco-sync-service
  repository: https://alfresco.github.io/alfresco-helm-charts/
  version: 5.1.0
- name: alfresco-search-enterprise
  repository: https://alfresco.github.io/alfresco-helm-charts/
  version: 3.2.3
- name: alfresco-connector-msteams
  repository: https://alfresco.github.io/alfresco-helm-charts/
  version: 0.4.1
- name: alfresco-share
  repository: https://alfresco.github.io/alfresco-helm-charts/
  version: 0.5.1
- name: alfresco-connector-ms365
  repository: https://alfresco.github.io/alfresco-helm-charts/
  version: 0.6.1
- name: alfresco-ai-transformer
  repository: https://alfresco.github.io/alfresco-helm-charts/
  version: 1.1.1
- name: elasticsearch
  repository: https://helm.elastic.co
  version: 7.17.3
digest: sha256:45dcb19bf056071f33d91986b1315e5c98d8d9fb764025c5cf7342af04c6eb5c
generated: "2024-02-15T16:53:23.229958+01:00"
