dependencies:
- name: alfresco-common
  repository: https://alfresco.github.io/alfresco-helm-charts/
  version: 3.1.3
- name: postgresql
  repository: oci://registry-1.docker.io/bitnamicharts
  version: 12.8.5
- name: postgresql
  repository: oci://registry-1.docker.io/bitnamicharts
  version: 12.8.5
- name: alfresco-adf-app
  repository: https://alfresco.github.io/alfresco-helm-charts/
  version: 0.1.1
- name: alfresco-adf-app
  repository: https://alfresco.github.io/alfresco-helm-charts/
  version: 0.1.1
- name: alfresco-repository
  repository: https://alfresco.github.io/alfresco-helm-charts/
  version: 0.6.0
- name: activemq
  repository: https://alfresco.github.io/alfresco-helm-charts/
  version: 3.5.4
- name: alfresco-transform-service
  repository: https://alfresco.github.io/alfresco-helm-charts/
  version: 2.0.0
- name: alfresco-search-service
  repository: https://alfresco.github.io/alfresco-helm-charts/
  version: 3.3.2
- name: alfresco-sync-service
  repository: https://alfresco.github.io/alfresco-helm-charts/
  version: 6.0.0
- name: alfresco-search-enterprise
  repository: https://alfresco.github.io/alfresco-helm-charts/
  version: 3.2.6
- name: alfresco-connector-msteams
  repository: https://alfresco.github.io/alfresco-helm-charts/
  version: 1.0.0-alpha.0
- name: alfresco-share
  repository: https://alfresco.github.io/alfresco-helm-charts/
  version: 1.0.0
- name: alfresco-connector-ms365
  repository: https://alfresco.github.io/alfresco-helm-charts/
  version: 2.0.0-alpha.0
- name: alfresco-ai-transformer
  repository: https://alfresco.github.io/alfresco-helm-charts/
  version: 2.0.0
- name: elasticsearch
  repository: https://helm.elastic.co
  version: 7.17.3
digest: sha256:ce13bd7254aac9bc4b8c26c26e14a152ac7b647196ce6a5bb883962d8e2714d9
generated: "2024-08-19T15:55:19.402757+02:00"
