dependencies:
- name: postgresql
  repository: oci://registry-1.docker.io/bitnamicharts
  version: 13.4.0
- name: keycloakx
  repository: https://codecentric.github.io/helm-charts
  version: 7.1.6
- name: alfresco-repository
  repository: https://alfresco.github.io/alfresco-helm-charts/
  version: 1.10.0
- name: activemq
  repository: https://alfresco.github.io/alfresco-helm-charts/
  version: 4.2.1
- name: alfresco-share
  repository: https://alfresco.github.io/alfresco-helm-charts/
  version: 2.5.1
- name: alfresco-adf-app
  repository: https://alfresco.github.io/alfresco-helm-charts/
  version: 0.8.0
digest: sha256:ea3f47b8cfcc138c05f2472ae3805b45868b576e1cd00a79038674f605fe7e68
generated: "2026-09-04T08:51:03.681965491Z"
