dependencies:
- name: postgresql
  repository: oci://registry-1.docker.io/bitnamicharts
  version: 13.4.0
- name: alfresco-repository
  repository: https://alfresco.github.io/alfresco-helm-charts/
  version: 0.1.3
digest: sha256:c5d9d38eba0e003aeb2a02858f7dbd26781c0a64a41fba7713be8a357486a876
generated: "2024-01-23T18:16:55.732282+01:00"
